
Microsoft Visual Studio Solution File, Format Version 12.00
# Visual Studio 15
Project("{FAE04EC0-301F-11D3-BF4B-00C04F79EFBC}") = "Day1.Android", "Day1.Android\Day1.Android.csproj", "{3BCE046F-37C6-483F-851D-ACA4369815AE}"
EndProject
Project("{FAE04EC0-301F-11D3-BF4B-00C04F79EFBC}") = "Day1.iOS", "Day1.iOS\Day1.iOS.csproj", "{CC64FDDE-B9D4-47BC-8476-9561B58910EF}"
EndProject
Project("{FAE04EC0-301F-11D3-BF4B-00C04F79EFBC}") = "Day1", "Day1\Day1.csproj", "{C57E4B00-6BD4-47EA-85B6-7C989724E5B2}"
EndProject
Global
	GlobalSection(SolutionConfigurationPlatforms) = preSolution
		Debug|Any CPU = Debug|Any CPU
		Release|Any CPU = Release|Any CPU
		Debug|iPhoneSimulator = Debug|iPhoneSimulator
		Release|iPhoneSimulator = Release|iPhoneSimulator
		Debug|iPhone = Debug|iPhone
		Release|iPhone = Release|iPhone
		Ad-Hoc|iPhone = Ad-Hoc|iPhone
		AppStore|iPhone = AppStore|iPhone
	EndGlobalSection
	GlobalSection(ProjectConfigurationPlatforms) = postSolution
		{3BCE046F-37C6-483F-851D-ACA4369815AE}.Debug|Any CPU.ActiveCfg = Debug|Any CPU
		{3BCE046F-37C6-483F-851D-ACA4369815AE}.Debug|Any CPU.Build.0 = Debug|Any CPU
		{3BCE046F-37C6-483F-851D-ACA4369815AE}.Release|Any CPU.ActiveCfg = Release|Any CPU
		{3BCE046F-37C6-483F-851D-ACA4369815AE}.Release|Any CPU.Build.0 = Release|Any CPU
		{3BCE046F-37C6-483F-851D-ACA4369815AE}.Debug|iPhoneSimulator.ActiveCfg = Debug|Any CPU
		{3BCE046F-37C6-483F-851D-ACA4369815AE}.Debug|iPhoneSimulator.Build.0 = Debug|Any CPU
		{3BCE046F-37C6-483F-851D-ACA4369815AE}.Release|iPhoneSimulator.ActiveCfg = Release|Any CPU
		{3BCE046F-37C6-483F-851D-ACA4369815AE}.Release|iPhoneSimulator.Build.0 = Release|Any CPU
		{3BCE046F-37C6-483F-851D-ACA4369815AE}.Debug|iPhone.ActiveCfg = Debug|Any CPU
		{3BCE046F-37C6-483F-851D-ACA4369815AE}.Debug|iPhone.Build.0 = Debug|Any CPU
		{3BCE046F-37C6-483F-851D-ACA4369815AE}.Release|iPhone.ActiveCfg = Release|Any CPU
		{3BCE046F-37C6-483F-851D-ACA4369815AE}.Release|iPhone.Build.0 = Release|Any CPU
		{3BCE046F-37C6-483F-851D-ACA4369815AE}.Ad-Hoc|iPhone.ActiveCfg = Debug|Any CPU
		{3BCE046F-37C6-483F-851D-ACA4369815AE}.Ad-Hoc|iPhone.Build.0 = Debug|Any CPU
		{3BCE046F-37C6-483F-851D-ACA4369815AE}.AppStore|iPhone.ActiveCfg = Debug|Any CPU
		{3BCE046F-37C6-483F-851D-ACA4369815AE}.AppStore|iPhone.Build.0 = Debug|Any CPU
		{CC64FDDE-B9D4-47BC-8476-9561B58910EF}.Debug|Any CPU.ActiveCfg = Debug|iPhoneSimulator
		{CC64FDDE-B9D4-47BC-8476-9561B58910EF}.Debug|Any CPU.Build.0 = Debug|iPhoneSimulator
		{CC64FDDE-B9D4-47BC-8476-9561B58910EF}.Release|Any CPU.ActiveCfg = Release|iPhoneSimulator
		{CC64FDDE-B9D4-47BC-8476-9561B58910EF}.Release|Any CPU.Build.0 = Release|iPhoneSimulator
		{CC64FDDE-B9D4-47BC-8476-9561B58910EF}.Debug|iPhoneSimulator.ActiveCfg = Debug|iPhoneSimulator
		{CC64FDDE-B9D4-47BC-8476-9561B58910EF}.Debug|iPhoneSimulator.Build.0 = Debug|iPhoneSimulator
		{CC64FDDE-B9D4-47BC-8476-9561B58910EF}.Release|iPhoneSimulator.ActiveCfg = Release|iPhoneSimulator
		{CC64FDDE-B9D4-47BC-8476-9561B58910EF}.Release|iPhoneSimulator.Build.0 = Release|iPhoneSimulator
		{CC64FDDE-B9D4-47BC-8476-9561B58910EF}.Debug|iPhone.ActiveCfg = Debug|iPhone
		{CC64FDDE-B9D4-47BC-8476-9561B58910EF}.Debug|iPhone.Build.0 = Debug|iPhone
		{CC64FDDE-B9D4-47BC-8476-9561B58910EF}.Release|iPhone.ActiveCfg = Release|iPhone
		{CC64FDDE-B9D4-47BC-8476-9561B58910EF}.Release|iPhone.Build.0 = Release|iPhone
		{CC64FDDE-B9D4-47BC-8476-9561B58910EF}.Ad-Hoc|iPhone.ActiveCfg = Ad-Hoc|iPhone
		{CC64FDDE-B9D4-47BC-8476-9561B58910EF}.Ad-Hoc|iPhone.Build.0 = Ad-Hoc|iPhone
		{CC64FDDE-B9D4-47BC-8476-9561B58910EF}.AppStore|iPhone.ActiveCfg = AppStore|iPhone
		{CC64FDDE-B9D4-47BC-8476-9561B58910EF}.AppStore|iPhone.Build.0 = AppStore|iPhone
		{C57E4B00-6BD4-47EA-85B6-7C989724E5B2}.Debug|Any CPU.ActiveCfg = Debug|Any CPU
		{C57E4B00-6BD4-47EA-85B6-7C989724E5B2}.Debug|Any CPU.Build.0 = Debug|Any CPU
		{C57E4B00-6BD4-47EA-85B6-7C989724E5B2}.Release|Any CPU.ActiveCfg = Release|Any CPU
		{C57E4B00-6BD4-47EA-85B6-7C989724E5B2}.Release|Any CPU.Build.0 = Release|Any CPU
		{C57E4B00-6BD4-47EA-85B6-7C989724E5B2}.Debug|iPhoneSimulator.ActiveCfg = Debug|Any CPU
		{C57E4B00-6BD4-47EA-85B6-7C989724E5B2}.Debug|iPhoneSimulator.Build.0 = Debug|Any CPU
		{C57E4B00-6BD4-47EA-85B6-7C989724E5B2}.Release|iPhoneSimulator.ActiveCfg = Release|Any CPU
		{C57E4B00-6BD4-47EA-85B6-7C989724E5B2}.Release|iPhoneSimulator.Build.0 = Release|Any CPU
		{C57E4B00-6BD4-47EA-85B6-7C989724E5B2}.Debug|iPhone.ActiveCfg = Debug|Any CPU
		{C57E4B00-6BD4-47EA-85B6-7C989724E5B2}.Debug|iPhone.Build.0 = Debug|Any CPU
		{C57E4B00-6BD4-47EA-85B6-7C989724E5B2}.Release|iPhone.ActiveCfg = Release|Any CPU
		{C57E4B00-6BD4-47EA-85B6-7C989724E5B2}.Release|iPhone.Build.0 = Release|Any CPU
		{C57E4B00-6BD4-47EA-85B6-7C989724E5B2}.Ad-Hoc|iPhone.ActiveCfg = Debug|Any CPU
		{C57E4B00-6BD4-47EA-85B6-7C989724E5B2}.Ad-Hoc|iPhone.Build.0 = Debug|Any CPU
		{C57E4B00-6BD4-47EA-85B6-7C989724E5B2}.AppStore|iPhone.ActiveCfg = Debug|Any CPU
		{C57E4B00-6BD4-47EA-85B6-7C989724E5B2}.AppStore|iPhone.Build.0 = Debug|Any CPU
	EndGlobalSection
EndGlobal
